
Microsoft Visual Studio Solution File, Format Version 12.00
# Visual Studio Version 16
VisualStudioVersion = 16.0.29306.81
MinimumVisualStudioVersion = 10.0.40219.1
Project("{FAE04EC0-301F-11D3-BF4B-00C04F79EFBC}") = "Upoznavanje", "Upoznavanje\Upoznavanje.csproj", "{DC61FC89-81BE-4884-BE28-D455166FF845}"
EndProject
Global
	GlobalSection(SolutionConfigurationPlatforms) = preSolution
		Debug|Any CPU = Debug|Any CPU
		Release|Any CPU = Release|Any CPU
	EndGlobalSection
	GlobalSection(ProjectConfigurationPlatforms) = postSolution
		{DC61FC89-81BE-4884-BE28-D455166FF845}.Debug|Any CPU.ActiveCfg = Debug|Any CPU
		{DC61FC89-81BE-4884-BE28-D455166FF845}.Debug|Any CPU.Build.0 = Debug|Any CPU
		{DC61FC89-81BE-4884-BE28-D455166FF845}.Release|Any CPU.ActiveCfg = Release|Any CPU
		{DC61FC89-81BE-4884-BE28-D455166FF845}.Release|Any CPU.Build.0 = Release|Any CPU
	EndGlobalSection
	GlobalSection(SolutionProperties) = preSolution
		HideSolutionNode = FALSE
	EndGlobalSection
	GlobalSection(ExtensibilityGlobals) = postSolution
		SolutionGuid = {0FDA2A9F-134F-4665-A2D5-6A3701BC2CED}
	EndGlobalSection
EndGlobal
